
Microsoft Visual Studio Solution File, Format Version 12.00
# Visual Studio Version 17
VisualStudioVersion = 17.0.32126.317
MinimumVisualStudioVersion = 10.0.40219.1
Project("{FAE04EC0-301F-11D3-BF4B-00C04F79EFBC}") = "WindowsFormsApp", "WindowsFormsApp\WindowsFormsApp.csproj", "{F4BB20A3-BB35-4265-B784-61AAD3AFBB3D}"
EndProject
Global
	GlobalSection(SolutionConfigurationPlatforms) = preSolution
		Debug|Any CPU = Debug|Any CPU
		Release|Any CPU = Release|Any CPU
	EndGlobalSection
	GlobalSection(ProjectConfigurationPlatforms) = postSolution
		{F4BB20A3-BB35-4265-B784-61AAD3AFBB3D}.Debug|Any CPU.ActiveCfg = Debug|Any CPU
		{F4BB20A3-BB35-4265-B784-61AAD3AFBB3D}.Debug|Any CPU.Build.0 = Debug|Any CPU
		{F4BB20A3-BB35-4265-B784-61AAD3AFBB3D}.Release|Any CPU.ActiveCfg = Release|Any CPU
		{F4BB20A3-BB35-4265-B784-61AAD3AFBB3D}.Release|Any CPU.Build.0 = Release|Any CPU
	EndGlobalSection
	GlobalSection(SolutionProperties) = preSolution
		HideSolutionNode = FALSE
	EndGlobalSection
	GlobalSection(ExtensibilityGlobals) = postSolution
		SolutionGuid = {F7507B87-F04A-4883-B85E-EBC714D42C57}
	EndGlobalSection
EndGlobal
